
Microsoft Visual Studio Solution File, Format Version 12.00
# Visual Studio 15
VisualStudioVersion = 15.0.26228.4
MinimumVisualStudioVersion = 10.0.40219.1
Project("{D954291E-2A0B-460D-934E-DC6B0785DB48}") = "NutrioLab", "NutrioLab\NutrioLab\NutrioLab.shproj", "{00CC5362-5A96-435E-98C1-94007DB54052}"
EndProject
Project("{FAE04EC0-301F-11D3-BF4B-00C04F79EFBC}") = "NutrioLab.Android", "NutrioLab\NutrioLab.Android\NutrioLab.Android.csproj", "{A05278BC-06BC-442A-8DE9-BBE8C7135513}"
EndProject
Project("{FAE04EC0-301F-11D3-BF4B-00C04F79EFBC}") = "NutrioLab.iOS", "NutrioLab\NutrioLab.iOS\NutrioLab.iOS.csproj", "{01852977-043C-4A4E-A487-C297A388CADB}"
EndProject
Project("{FAE04EC0-301F-11D3-BF4B-00C04F79EFBC}") = "NutrioLab.UWP", "NutrioLab\NutrioLab.UWP\NutrioLab.UWP.csproj", "{AFF117FD-3D16-4236-90E0-98315DB792E8}"
EndProject
Global
	GlobalSection(SharedMSBuildProjectFiles) = preSolution
		NutrioLab\NutrioLab\NutrioLab.projitems*{00cc5362-5a96-435e-98c1-94007db54052}*SharedItemsImports = 13
		NutrioLab\NutrioLab\NutrioLab.projitems*{01852977-043c-4a4e-a487-c297a388cadb}*SharedItemsImports = 4
		NutrioLab\NutrioLab\NutrioLab.projitems*{a05278bc-06bc-442a-8de9-bbe8c7135513}*SharedItemsImports = 4
	EndGlobalSection
	GlobalSection(SolutionConfigurationPlatforms) = preSolution
		Ad-Hoc|Any CPU = Ad-Hoc|Any CPU
		Ad-Hoc|ARM = Ad-Hoc|ARM
		Ad-Hoc|iPhone = Ad-Hoc|iPhone
		Ad-Hoc|iPhoneSimulator = Ad-Hoc|iPhoneSimulator
		Ad-Hoc|x64 = Ad-Hoc|x64
		Ad-Hoc|x86 = Ad-Hoc|x86
		AppStore|Any CPU = AppStore|Any CPU
		AppStore|ARM = AppStore|ARM
		AppStore|iPhone = AppStore|iPhone
		AppStore|iPhoneSimulator = AppStore|iPhoneSimulator
		AppStore|x64 = AppStore|x64
		AppStore|x86 = AppStore|x86
		Debug|Any CPU = Debug|Any CPU
		Debug|ARM = Debug|ARM
		Debug|iPhone = Debug|iPhone
		Debug|iPhoneSimulator = Debug|iPhoneSimulator
		Debug|x64 = Debug|x64
		Debug|x86 = Debug|x86
		Release|Any CPU = Release|Any CPU
		Release|ARM = Release|ARM
		Release|iPhone = Release|iPhone
		Release|iPhoneSimulator = Release|iPhoneSimulator
		Release|x64 = Release|x64
		Release|x86 = Release|x86
	EndGlobalSection
	GlobalSection(ProjectConfigurationPlatforms) = postSolution
		{A05278BC-06BC-442A-8DE9-BBE8C7135513}.Ad-Hoc|Any CPU.ActiveCfg = Release|Any CPU
		{A05278BC-06BC-442A-8DE9-BBE8C7135513}.Ad-Hoc|Any CPU.Build.0 = Release|Any CPU
		{A05278BC-06BC-442A-8DE9-BBE8C7135513}.Ad-Hoc|Any CPU.Deploy.0 = Release|Any CPU
		{A05278BC-06BC-442A-8DE9-BBE8C7135513}.Ad-Hoc|ARM.ActiveCfg = Release|Any CPU
		{A05278BC-06BC-442A-8DE9-BBE8C7135513}.Ad-Hoc|ARM.Build.0 = Release|Any CPU
		{A05278BC-06BC-442A-8DE9-BBE8C7135513}.Ad-Hoc|ARM.Deploy.0 = Release|Any CPU
		{A05278BC-06BC-442A-8DE9-BBE8C7135513}.Ad-Hoc|iPhone.ActiveCfg = Release|Any CPU
		{A05278BC-06BC-442A-8DE9-BBE8C7135513}.Ad-Hoc|iPhone.Build.0 = Release|Any CPU
		{A05278BC-06BC-442A-8DE9-BBE8C7135513}.Ad-Hoc|iPhone.Deploy.0 = Release|Any CPU
		{A05278BC-06BC-442A-8DE9-BBE8C7135513}.Ad-Hoc|iPhoneSimulator.ActiveCfg = Release|Any CPU
		{A05278BC-06BC-442A-8DE9-BBE8C7135513}.Ad-Hoc|iPhoneSimulator.Build.0 = Release|Any CPU
		{A05278BC-06BC-442A-8DE9-BBE8C7135513}.Ad-Hoc|iPhoneSimulator.Deploy.0 = Release|Any CPU
		{A05278BC-06BC-442A-8DE9-BBE8C7135513}.Ad-Hoc|x64.ActiveCfg = Release|Any CPU
		{A05278BC-06BC-442A-8DE9-BBE8C7135513}.Ad-Hoc|x64.Build.0 = Release|Any CPU
		{A05278BC-06BC-442A-8DE9-BBE8C7135513}.Ad-Hoc|x64.Deploy.0 = Release|Any CPU
		{A05278BC-06BC-442A-8DE9-BBE8C7135513}.Ad-Hoc|x86.ActiveCfg = Release|Any CPU
		{A05278BC-06BC-442A-8DE9-BBE8C7135513}.Ad-Hoc|x86.Build.0 = Release|Any CPU
		{A05278BC-06BC-442A-8DE9-BBE8C7135513}.Ad-Hoc|x86.Deploy.0 = Release|Any CPU
		{A05278BC-06BC-442A-8DE9-BBE8C7135513}.AppStore|Any CPU.ActiveCfg = Release|Any CPU
		{A05278BC-06BC-442A-8DE9-BBE8C7135513}.AppStore|Any CPU.Build.0 = Release|Any CPU
		{A05278BC-06BC-442A-8DE9-BBE8C7135513}.AppStore|Any CPU.Deploy.0 = Release|Any CPU
		{A05278BC-06BC-442A-8DE9-BBE8C7135513}.AppStore|ARM.ActiveCfg = Release|Any CPU
		{A05278BC-06BC-442A-8DE9-BBE8C7135513}.AppStore|ARM.Build.0 = Release|Any CPU
		{A05278BC-06BC-442A-8DE9-BBE8C7135513}.AppStore|ARM.Deploy.0 = Release|Any CPU
		{A05278BC-06BC-442A-8DE9-BBE8C7135513}.AppStore|iPhone.ActiveCfg = Release|Any CPU
		{A05278BC-06BC-442A-8DE9-BBE8C7135513}.AppStore|iPhone.Build.0 = Release|Any CPU
		{A05278BC-06BC-442A-8DE9-BBE8C7135513}.AppStore|iPhone.Deploy.0 = Release|Any CPU
		{A05278BC-06BC-442A-8DE9-BBE8C7135513}.AppStore|iPhoneSimulator.ActiveCfg = Release|Any CPU
		{A05278BC-06BC-442A-8DE9-BBE8C7135513}.AppStore|iPhoneSimulator.Build.0 = Release|Any CPU
		{A05278BC-06BC-442A-8DE9-BBE8C7135513}.AppStore|iPhoneSimulator.Deploy.0 = Release|Any CPU
		{A05278BC-06BC-442A-8DE9-BBE8C7135513}.AppStore|x64.ActiveCfg = Release|Any CPU
		{A05278BC-06BC-442A-8DE9-BBE8C7135513}.AppStore|x64.Build.0 = Release|Any CPU
		{A05278BC-06BC-442A-8DE9-BBE8C7135513}.AppStore|x64.Deploy.0 = Release|Any CPU
		{A05278BC-06BC-442A-8DE9-BBE8C7135513}.AppStore|x86.ActiveCfg = Release|Any CPU
		{A05278BC-06BC-442A-8DE9-BBE8C7135513}.AppStore|x86.Build.0 = Release|Any CPU
		{A05278BC-06BC-442A-8DE9-BBE8C7135513}.AppStore|x86.Deploy.0 = Release|Any CPU
		{A05278BC-06BC-442A-8DE9-BBE8C7135513}.Debug|Any CPU.ActiveCfg = Debug|Any CPU
		{A05278BC-06BC-442A-8DE9-BBE8C7135513}.Debug|Any CPU.Build.0 = Debug|Any CPU
		{A05278BC-06BC-442A-8DE9-BBE8C7135513}.Debug|Any CPU.Deploy.0 = Debug|Any CPU
		{A05278BC-06BC-442A-8DE9-BBE8C7135513}.Debug|ARM.ActiveCfg = Debug|Any CPU
		{A05278BC-06BC-442A-8DE9-BBE8C7135513}.Debug|ARM.Build.0 = Debug|Any CPU
		{A05278BC-06BC-442A-8DE9-BBE8C7135513}.Debug|ARM.Deploy.0 = Debug|Any CPU
		{A05278BC-06BC-442A-8DE9-BBE8C7135513}.Debug|iPhone.ActiveCfg = Debug|Any CPU
		{A05278BC-06BC-442A-8DE9-BBE8C7135513}.Debug|iPhone.Build.0 = Debug|Any CPU
		{A05278BC-06BC-442A-8DE9-BBE8C7135513}.Debug|iPhone.Deploy.0 = Debug|Any CPU
		{A05278BC-06BC-442A-8DE9-BBE8C7135513}.Debug|iPhoneSimulator.ActiveCfg = Debug|Any CPU
		{A05278BC-06BC-442A-8DE9-BBE8C7135513}.Debug|iPhoneSimulator.Build.0 = Debug|Any CPU
		{A05278BC-06BC-442A-8DE9-BBE8C7135513}.Debug|iPhoneSimulator.Deploy.0 = Debug|Any CPU
		{A05278BC-06BC-442A-8DE9-BBE8C7135513}.Debug|x64.ActiveCfg = Debug|Any CPU
		{A05278BC-06BC-442A-8DE9-BBE8C7135513}.Debug|x64.Build.0 = Debug|Any CPU
		{A05278BC-06BC-442A-8DE9-BBE8C7135513}.Debug|x64.Deploy.0 = Debug|Any CPU
		{A05278BC-06BC-442A-8DE9-BBE8C7135513}.Debug|x86.ActiveCfg = Debug|Any CPU
		{A05278BC-06BC-442A-8DE9-BBE8C7135513}.Debug|x86.Build.0 = Debug|Any CPU
		{A05278BC-06BC-442A-8DE9-BBE8C7135513}.Debug|x86.Deploy.0 = Debug|Any CPU
		{A05278BC-06BC-442A-8DE9-BBE8C7135513}.Release|Any CPU.ActiveCfg = Release|Any CPU
		{A05278BC-06BC-442A-8DE9-BBE8C7135513}.Release|Any CPU.Build.0 = Release|Any CPU
		{A05278BC-06BC-442A-8DE9-BBE8C7135513}.Release|Any CPU.Deploy.0 = Release|Any CPU
		{A05278BC-06BC-442A-8DE9-BBE8C7135513}.Release|ARM.ActiveCfg = Release|Any CPU
		{A05278BC-06BC-442A-8DE9-BBE8C7135513}.Release|ARM.Build.0 = Release|Any CPU
		{A05278BC-06BC-442A-8DE9-BBE8C7135513}.Release|ARM.Deploy.0 = Release|Any CPU
		{A05278BC-06BC-442A-8DE9-BBE8C7135513}.Release|iPhone.ActiveCfg = Release|Any CPU
		{A05278BC-06BC-442A-8DE9-BBE8C7135513}.Release|iPhone.Build.0 = Release|Any CPU
		{A05278BC-06BC-442A-8DE9-BBE8C7135513}.Release|iPhone.Deploy.0 = Release|Any CPU
		{A05278BC-06BC-442A-8DE9-BBE8C7135513}.Release|iPhoneSimulator.ActiveCfg = Release|Any CPU
		{A05278BC-06BC-442A-8DE9-BBE8C7135513}.Release|iPhoneSimulator.Build.0 = Release|Any CPU
		{A05278BC-06BC-442A-8DE9-BBE8C7135513}.Release|iPhoneSimulator.Deploy.0 = Release|Any CPU
		{A05278BC-06BC-442A-8DE9-BBE8C7135513}.Release|x64.ActiveCfg = Release|Any CPU
		{A05278BC-06BC-442A-8DE9-BBE8C7135513}.Release|x64.Build.0 = Release|Any CPU
		{A05278BC-06BC-442A-8DE9-BBE8C7135513}.Release|x64.Deploy.0 = Release|Any CPU
		{A05278BC-06BC-442A-8DE9-BBE8C7135513}.Release|x86.ActiveCfg = Release|Any CPU
		{A05278BC-06BC-442A-8DE9-BBE8C7135513}.Release|x86.Build.0 = Release|Any CPU
		{A05278BC-06BC-442A-8DE9-BBE8C7135513}.Release|x86.Deploy.0 = Release|Any CPU
		{01852977-043C-4A4E-A487-C297A388CADB}.Ad-Hoc|Any CPU.ActiveCfg = Ad-Hoc|iPhone
		{01852977-043C-4A4E-A487-C297A388CADB}.Ad-Hoc|ARM.ActiveCfg = Ad-Hoc|iPhone
		{01852977-043C-4A4E-A487-C297A388CADB}.Ad-Hoc|iPhone.ActiveCfg = Ad-Hoc|iPhone
		{01852977-043C-4A4E-A487-C297A388CADB}.Ad-Hoc|iPhone.Build.0 = Ad-Hoc|iPhone
		{01852977-043C-4A4E-A487-C297A388CADB}.Ad-Hoc|iPhoneSimulator.ActiveCfg = Ad-Hoc|iPhoneSimulator
		{01852977-043C-4A4E-A487-C297A388CADB}.Ad-Hoc|iPhoneSimulator.Build.0 = Ad-Hoc|iPhoneSimulator
		{01852977-043C-4A4E-A487-C297A388CADB}.Ad-Hoc|x64.ActiveCfg = Ad-Hoc|iPhone
		{01852977-043C-4A4E-A487-C297A388CADB}.Ad-Hoc|x86.ActiveCfg = Ad-Hoc|iPhone
		{01852977-043C-4A4E-A487-C297A388CADB}.AppStore|Any CPU.ActiveCfg = AppStore|iPhone
		{01852977-043C-4A4E-A487-C297A388CADB}.AppStore|ARM.ActiveCfg = AppStore|iPhone
		{01852977-043C-4A4E-A487-C297A388CADB}.AppStore|iPhone.ActiveCfg = AppStore|iPhone
		{01852977-043C-4A4E-A487-C297A388CADB}.AppStore|iPhone.Build.0 = AppStore|iPhone
		{01852977-043C-4A4E-A487-C297A388CADB}.AppStore|iPhoneSimulator.ActiveCfg = AppStore|iPhoneSimulator
		{01852977-043C-4A4E-A487-C297A388CADB}.AppStore|iPhoneSimulator.Build.0 = AppStore|iPhoneSimulator
		{01852977-043C-4A4E-A487-C297A388CADB}.AppStore|x64.ActiveCfg = AppStore|iPhone
		{01852977-043C-4A4E-A487-C297A388CADB}.AppStore|x86.ActiveCfg = AppStore|iPhone
		{01852977-043C-4A4E-A487-C297A388CADB}.Debug|Any CPU.ActiveCfg = Debug|iPhone
		{01852977-043C-4A4E-A487-C297A388CADB}.Debug|ARM.ActiveCfg = Debug|iPhone
		{01852977-043C-4A4E-A487-C297A388CADB}.Debug|iPhone.ActiveCfg = Debug|iPhone
		{01852977-043C-4A4E-A487-C297A388CADB}.Debug|iPhone.Build.0 = Debug|iPhone
		{01852977-043C-4A4E-A487-C297A388CADB}.Debug|iPhoneSimulator.ActiveCfg = Debug|iPhoneSimulator
		{01852977-043C-4A4E-A487-C297A388CADB}.Debug|iPhoneSimulator.Build.0 = Debug|iPhoneSimulator
		{01852977-043C-4A4E-A487-C297A388CADB}.Debug|x64.ActiveCfg = Debug|iPhone
		{01852977-043C-4A4E-A487-C297A388CADB}.Debug|x86.ActiveCfg = Debug|iPhone
		{01852977-043C-4A4E-A487-C297A388CADB}.Release|Any CPU.ActiveCfg = Release|iPhone
		{01852977-043C-4A4E-A487-C297A388CADB}.Release|ARM.ActiveCfg = Release|iPhone
		{01852977-043C-4A4E-A487-C297A388CADB}.Release|iPhone.ActiveCfg = Release|iPhone
		{01852977-043C-4A4E-A487-C297A388CADB}.Release|iPhone.Build.0 = Release|iPhone
		{01852977-043C-4A4E-A487-C297A388CADB}.Release|iPhoneSimulator.ActiveCfg = Release|iPhoneSimulator
		{01852977-043C-4A4E-A487-C297A388CADB}.Release|iPhoneSimulator.Build.0 = Release|iPhoneSimulator
		{01852977-043C-4A4E-A487-C297A388CADB}.Release|x64.ActiveCfg = Release|iPhone
		{01852977-043C-4A4E-A487-C297A388CADB}.Release|x86.ActiveCfg = Release|iPhone
		{AFF117FD-3D16-4236-90E0-98315DB792E8}.Ad-Hoc|Any CPU.ActiveCfg = Release|x86
		{AFF117FD-3D16-4236-90E0-98315DB792E8}.Ad-Hoc|Any CPU.Build.0 = Release|x86
		{AFF117FD-3D16-4236-90E0-98315DB792E8}.Ad-Hoc|Any CPU.Deploy.0 = Release|x86
		{AFF117FD-3D16-4236-90E0-98315DB792E8}.Ad-Hoc|ARM.ActiveCfg = Release|ARM
		{AFF117FD-3D16-4236-90E0-98315DB792E8}.Ad-Hoc|ARM.Build.0 = Release|ARM
		{AFF117FD-3D16-4236-90E0-98315DB792E8}.Ad-Hoc|ARM.Deploy.0 = Release|ARM
		{AFF117FD-3D16-4236-90E0-98315DB792E8}.Ad-Hoc|iPhone.ActiveCfg = Release|x86
		{AFF117FD-3D16-4236-90E0-98315DB792E8}.Ad-Hoc|iPhone.Build.0 = Release|x86
		{AFF117FD-3D16-4236-90E0-98315DB792E8}.Ad-Hoc|iPhone.Deploy.0 = Release|x86
		{AFF117FD-3D16-4236-90E0-98315DB792E8}.Ad-Hoc|iPhoneSimulator.ActiveCfg = Release|x86
		{AFF117FD-3D16-4236-90E0-98315DB792E8}.Ad-Hoc|iPhoneSimulator.Build.0 = Release|x86
		{AFF117FD-3D16-4236-90E0-98315DB792E8}.Ad-Hoc|iPhoneSimulator.Deploy.0 = Release|x86
		{AFF117FD-3D16-4236-90E0-98315DB792E8}.Ad-Hoc|x64.ActiveCfg = Release|x64
		{AFF117FD-3D16-4236-90E0-98315DB792E8}.Ad-Hoc|x64.Build.0 = Release|x64
		{AFF117FD-3D16-4236-90E0-98315DB792E8}.Ad-Hoc|x64.Deploy.0 = Release|x64
		{AFF117FD-3D16-4236-90E0-98315DB792E8}.Ad-Hoc|x86.ActiveCfg = Release|x86
		{AFF117FD-3D16-4236-90E0-98315DB792E8}.Ad-Hoc|x86.Build.0 = Release|x86
		{AFF117FD-3D16-4236-90E0-98315DB792E8}.Ad-Hoc|x86.Deploy.0 = Release|x86
		{AFF117FD-3D16-4236-90E0-98315DB792E8}.AppStore|Any CPU.ActiveCfg = Release|x86
		{AFF117FD-3D16-4236-90E0-98315DB792E8}.AppStore|Any CPU.Build.0 = Release|x86
		{AFF117FD-3D16-4236-90E0-98315DB792E8}.AppStore|Any CPU.Deploy.0 = Release|x86
		{AFF117FD-3D16-4236-90E0-98315DB792E8}.AppStore|ARM.ActiveCfg = Release|ARM
		{AFF117FD-3D16-4236-90E0-98315DB792E8}.AppStore|ARM.Build.0 = Release|ARM
		{AFF117FD-3D16-4236-90E0-98315DB792E8}.AppStore|ARM.Deploy.0 = Release|ARM
		{AFF117FD-3D16-4236-90E0-98315DB792E8}.AppStore|iPhone.ActiveCfg = Release|x86
		{AFF117FD-3D16-4236-90E0-98315DB792E8}.AppStore|iPhone.Build.0 = Release|x86
		{AFF117FD-3D16-4236-90E0-98315DB792E8}.AppStore|iPhone.Deploy.0 = Release|x86
		{AFF117FD-3D16-4236-90E0-98315DB792E8}.AppStore|iPhoneSimulator.ActiveCfg = Release|x86
		{AFF117FD-3D16-4236-90E0-98315DB792E8}.AppStore|iPhoneSimulator.Build.0 = Release|x86
		{AFF117FD-3D16-4236-90E0-98315DB792E8}.AppStore|iPhoneSimulator.Deploy.0 = Release|x86
		{AFF117FD-3D16-4236-90E0-98315DB792E8}.AppStore|x64.ActiveCfg = Release|x64
		{AFF117FD-3D16-4236-90E0-98315DB792E8}.AppStore|x64.Build.0 = Release|x64
		{AFF117FD-3D16-4236-90E0-98315DB792E8}.AppStore|x64.Deploy.0 = Release|x64
		{AFF117FD-3D16-4236-90E0-98315DB792E8}.AppStore|x86.ActiveCfg = Release|x86
		{AFF117FD-3D16-4236-90E0-98315DB792E8}.AppStore|x86.Build.0 = Release|x86
		{AFF117FD-3D16-4236-90E0-98315DB792E8}.AppStore|x86.Deploy.0 = Release|x86
		{AFF117FD-3D16-4236-90E0-98315DB792E8}.Debug|Any CPU.ActiveCfg = Debug|x86
		{AFF117FD-3D16-4236-90E0-98315DB792E8}.Debug|ARM.ActiveCfg = Debug|ARM
		{AFF117FD-3D16-4236-90E0-98315DB792E8}.Debug|ARM.Build.0 = Debug|ARM
		{AFF117FD-3D16-4236-90E0-98315DB792E8}.Debug|ARM.Deploy.0 = Debug|ARM
		{AFF117FD-3D16-4236-90E0-98315DB792E8}.Debug|iPhone.ActiveCfg = Debug|x86
		{AFF117FD-3D16-4236-90E0-98315DB792E8}.Debug|iPhoneSimulator.ActiveCfg = Debug|x86
		{AFF117FD-3D16-4236-90E0-98315DB792E8}.Debug|x64.ActiveCfg = Debug|x64
		{AFF117FD-3D16-4236-90E0-98315DB792E8}.Debug|x64.Build.0 = Debug|x64
		{AFF117FD-3D16-4236-90E0-98315DB792E8}.Debug|x64.Deploy.0 = Debug|x64
		{AFF117FD-3D16-4236-90E0-98315DB792E8}.Debug|x86.ActiveCfg = Debug|x86
		{AFF117FD-3D16-4236-90E0-98315DB792E8}.Debug|x86.Build.0 = Debug|x86
		{AFF117FD-3D16-4236-90E0-98315DB792E8}.Debug|x86.Deploy.0 = Debug|x86
		{AFF117FD-3D16-4236-90E0-98315DB792E8}.Release|Any CPU.ActiveCfg = Release|x86
		{AFF117FD-3D16-4236-90E0-98315DB792E8}.Release|ARM.ActiveCfg = Release|ARM
		{AFF117FD-3D16-4236-90E0-98315DB792E8}.Release|ARM.Build.0 = Release|ARM
		{AFF117FD-3D16-4236-90E0-98315DB792E8}.Release|ARM.Deploy.0 = Release|ARM
		{AFF117FD-3D16-4236-90E0-98315DB792E8}.Release|iPhone.ActiveCfg = Release|x86
		{AFF117FD-3D16-4236-90E0-98315DB792E8}.Release|iPhoneSimulator.ActiveCfg = Release|x86
		{AFF117FD-3D16-4236-90E0-98315DB792E8}.Release|x64.ActiveCfg = Release|x64
		{AFF117FD-3D16-4236-90E0-98315DB792E8}.Release|x64.Build.0 = Release|x64
		{AFF117FD-3D16-4236-90E0-98315DB792E8}.Release|x64.Deploy.0 = Release|x64
		{AFF117FD-3D16-4236-90E0-98315DB792E8}.Release|x86.ActiveCfg = Release|x86
		{AFF117FD-3D16-4236-90E0-98315DB792E8}.Release|x86.Build.0 = Release|x86
		{AFF117FD-3D16-4236-90E0-98315DB792E8}.Release|x86.Deploy.0 = Release|x86
	EndGlobalSection
	GlobalSection(SolutionProperties) = preSolution
		HideSolutionNode = FALSE
	EndGlobalSection
EndGlobal
